Microsoft Visual Studio Solution File, Format Version 12.00
# Visual Studio Version 16
VisualStudioVersion = 16.0.29509.3
MinimumVisualStudioVersion = 10.0.40219.1
Project("{FAE04EC0-301F-11D3-BF4B-00C04F79EFBC}") = "App_Desktop", "App_Desktop\App_Desktop.csproj", "{C57B0A42-797D-409C-B26A-A28359B5354D}"
	ProjectSection(ProjectDependencies) = postProject
		{8CB43952-0445-42FA-B36C-49560359AB35} = {8CB43952-0445-42FA-B36C-49560359AB35}
	EndProjectSection
EndProject
Project("{FAE04EC0-301F-11D3-BF4B-00C04F79EFBC}") = "IO.Swagger", "..\api-request\src\IO.Swagger\IO.Swagger.csproj", "{8CB43952-0445-42FA-B36C-49560359AB35}"
EndProject
Project("{FAE04EC0-301F-11D3-BF4B-00C04F79EFBC}") = "IO.Swagger.Test", "..\api-request\src\IO.Swagger.Test\IO.Swagger.Test.csproj", "{19F1DEBC-DE5E-4517-8062-F000CD499087}"
EndProject
Project("{FAE04EC0-301F-11D3-BF4B-00C04F79EFBC}") = "CustomTestConsole", "..\CustomTestConsole\CustomTestConsole.csproj", "{B3407EDA-B0FE-4270-ACC8-84D7E9F2A1DB}"
EndProject
Global
	GlobalSection(SolutionConfigurationPlatforms) = preSolution
		Debug|Any CPU = Debug|Any CPU
		Release|Any CPU = Release|Any CPU
	EndGlobalSection
	GlobalSection(ProjectConfigurationPlatforms) = postSolution
		{C57B0A42-797D-409C-B26A-A28359B5354D}.Debug|Any CPU.ActiveCfg = Debug|Any CPU
		{C57B0A42-797D-409C-B26A-A28359B5354D}.Debug|Any CPU.Build.0 = Debug|Any CPU
		{C57B0A42-797D-409C-B26A-A28359B5354D}.Release|Any CPU.ActiveCfg = Release|Any CPU
		{C57B0A42-797D-409C-B26A-A28359B5354D}.Release|Any CPU.Build.0 = Release|Any CPU
		{8CB43952-0445-42FA-B36C-49560359AB35}.Debug|Any CPU.ActiveCfg = Debug|Any CPU
		{8CB43952-0445-42FA-B36C-49560359AB35}.Debug|Any CPU.Build.0 = Debug|Any CPU
		{8CB43952-0445-42FA-B36C-49560359AB35}.Release|Any CPU.ActiveCfg = Release|Any CPU
		{8CB43952-0445-42FA-B36C-49560359AB35}.Release|Any CPU.Build.0 = Release|Any CPU
		{19F1DEBC-DE5E-4517-8062-F000CD499087}.Debug|Any CPU.ActiveCfg = Debug|Any CPU
		{19F1DEBC-DE5E-4517-8062-F000CD499087}.Debug|Any CPU.Build.0 = Debug|Any CPU
		{19F1DEBC-DE5E-4517-8062-F000CD499087}.Release|Any CPU.ActiveCfg = Release|Any CPU
		{19F1DEBC-DE5E-4517-8062-F000CD499087}.Release|Any CPU.Build.0 = Release|Any CPU
		{B3407EDA-B0FE-4270-ACC8-84D7E9F2A1DB}.Debug|Any CPU.ActiveCfg = Debug|Any CPU
		{B3407EDA-B0FE-4270-ACC8-84D7E9F2A1DB}.Debug|Any CPU.Build.0 = Debug|Any CPU
		{B3407EDA-B0FE-4270-ACC8-84D7E9F2A1DB}.Release|Any CPU.ActiveCfg = Release|Any CPU
		{B3407EDA-B0FE-4270-ACC8-84D7E9F2A1DB}.Release|Any CPU.Build.0 = Release|Any CPU
	EndGlobalSection
	GlobalSection(SolutionProperties) = preSolution
		HideSolutionNode = FALSE
	EndGlobalSection
	GlobalSection(ExtensibilityGlobals) = postSolution
		SolutionGuid = {0B01676E-15AE-4741-99DF-056E0DC01911}
	EndGlobalSection
EndGlobal
